
Microsoft Visual Studio Solution File, Format Version 12.00
# Visual Studio 14
VisualStudioVersion = 14.0.24720.0
MinimumVisualStudioVersion = 10.0.40219.1
Project("{FAE04EC0-301F-11D3-BF4B-00C04F79EFBC}") = "Quiron.LojaVirtual.Dominio", "Quiron.LojaVirtual.Dominio\Quiron.LojaVirtual.Dominio.csproj", "{5FF7F348-CD2C-49EC-904E-5F959EA53CED}"
EndProject
Project("{FAE04EC0-301F-11D3-BF4B-00C04F79EFBC}") = "Quiron.LojaVirtual.Web", "Quiron.LojaVirtual.Web\Quiron.LojaVirtual.Web.csproj", "{58B32239-F7D5-4DCB-A767-E9493AF270E4}"
EndProject
Project("{FAE04EC0-301F-11D3-BF4B-00C04F79EFBC}") = "Quiron.LojaVirtual.UnitTest", "Quiron.LojaVirtual.UnitTest\Quiron.LojaVirtual.UnitTest.csproj", "{56DCE2AB-6DD4-4CBD-9E0E-DFB65916A4DB}"
EndProject
Global
	GlobalSection(SolutionConfigurationPlatforms) = preSolution
		Debug|Any CPU = Debug|Any CPU
		Release|Any CPU = Release|Any CPU
	EndGlobalSection
	GlobalSection(ProjectConfigurationPlatforms) = postSolution
		{5FF7F348-CD2C-49EC-904E-5F959EA53CED}.Debug|Any CPU.ActiveCfg = Debug|Any CPU
		{5FF7F348-CD2C-49EC-904E-5F959EA53CED}.Debug|Any CPU.Build.0 = Debug|Any CPU
		{5FF7F348-CD2C-49EC-904E-5F959EA53CED}.Release|Any CPU.ActiveCfg = Release|Any CPU
		{5FF7F348-CD2C-49EC-904E-5F959EA53CED}.Release|Any CPU.Build.0 = Release|Any CPU
		{58B32239-F7D5-4DCB-A767-E9493AF270E4}.Debug|Any CPU.ActiveCfg = Debug|Any CPU
		{58B32239-F7D5-4DCB-A767-E9493AF270E4}.Debug|Any CPU.Build.0 = Debug|Any CPU
		{58B32239-F7D5-4DCB-A767-E9493AF270E4}.Release|Any CPU.ActiveCfg = Release|Any CPU
		{58B32239-F7D5-4DCB-A767-E9493AF270E4}.Release|Any CPU.Build.0 = Release|Any CPU
		{56DCE2AB-6DD4-4CBD-9E0E-DFB65916A4DB}.Debug|Any CPU.ActiveCfg = Debug|Any CPU
		{56DCE2AB-6DD4-4CBD-9E0E-DFB65916A4DB}.Debug|Any CPU.Build.0 = Debug|Any CPU
		{56DCE2AB-6DD4-4CBD-9E0E-DFB65916A4DB}.Release|Any CPU.ActiveCfg = Release|Any CPU
		{56DCE2AB-6DD4-4CBD-9E0E-DFB65916A4DB}.Release|Any CPU.Build.0 = Release|Any CPU
	EndGlobalSection
	GlobalSection(SolutionProperties) = preSolution
		HideSolutionNode = FALSE
	EndGlobalSection
EndGlobal
